// !$*UTF8*$!
{
	archiveVersion = 1;
	classes = {
	};
	objectVersion = 51;
	objects = {

/* Begin PBXBuildFile section */
		01D740AC4F163E08275891B7 /* Pods_XiYouRecord_XiYouRecordUITests.framework in Frameworks */ = {isa = PBXBuildFile; fileRef = 653514A52877F94955336632 /* Pods_XiYouRecord_XiYouRecordUITests.framework */; };
		1579EE63F7B8C1E89D6F16BE /* Pods_XiYouRecordTests.framework in Frameworks */ = {isa = PBXBuildFile; fileRef = 01E9862F5CDBE096A3018073 /* Pods_XiYouRecordTests.framework */; };
		C4CA53A622A755AF0015DF51 /* AppDelegate.swift in Sources */ = {isa = PBXBuildFile; fileRef = C4CA53A522A755AF0015DF51 /* AppDelegate.swift */; };
		C4CA53A822A755AF0015DF51 /* ViewController.swift in Sources */ = {isa = PBXBuildFile; fileRef = C4CA53A722A755AF0015DF51 /* ViewController.swift */; };
		C4CA53AB22A755AF0015DF51 /* Main.storyboard in Resources */ = {isa = PBXBuildFile; fileRef = C4CA53A922A755AF0015DF51 /* Main.storyboard */; };
		C4CA53AD22A755B20015DF51 /* Assets.xcassets in Resources */ = {isa = PBXBuildFile; fileRef = C4CA53AC22A755B20015DF51 /* Assets.xcassets */; };
		C4CA53B022A755B20015DF51 /* LaunchScreen.storyboard in Resources */ = {isa = PBXBuildFile; fileRef = C4CA53AE22A755B20015DF51 /* LaunchScreen.storyboard */; };
		C4CA53BB22A755B20015DF51 /* XiYouRecordTests.swift in Sources */ = {isa = PBXBuildFile; fileRef = C4CA53BA22A755B20015DF51 /* XiYouRecordTests.swift */; };
		C4CA53C622A755B20015DF51 /* XiYouRecordUITests.swift in Sources */ = {isa = PBXBuildFile; fileRef = C4CA53C522A755B20015DF51 /* XiYouRecordUITests.swift */; };
		C4CA53D422A76A340015DF51 /* LoginView.swift in Sources */ = {isa = PBXBuildFile; fileRef = C4CA53D322A76A340015DF51 /* LoginView.swift */; };
		C4CA53D622A76D790015DF51 /* MineViewController.swift in Sources */ = {isa = PBXBuildFile; fileRef = C4CA53D522A76D790015DF51 /* MineViewController.swift */; };
		C4CA53DA22A76E030015DF51 /* HomeViewController.swift in Sources */ = {isa = PBXBuildFile; fileRef = C4CA53D922A76E030015DF51 /* HomeViewController.swift */; };
		C4CA53E722A7C69D0015DF51 /* File.swift in Sources */ = {isa = PBXBuildFile; fileRef = C4CA53E622A7C69D0015DF51 /* File.swift */; };
		C4CA53ED22A7C9630015DF51 /* UIColor+Hex.m in Sources */ = {isa = PBXBuildFile; fileRef = C4CA53EC22A7C9630015DF51 /* UIColor+Hex.m */; };
		C4CA53F022A7D8F50015DF51 /* HomeTopView.swift in Sources */ = {isa = PBXBuildFile; fileRef = C4CA53EF22A7D8F50015DF51 /* HomeTopView.swift */; };
		C4CA53F322A800E10015DF51 /* HomeView.swift in Sources */ = {isa = PBXBuildFile; fileRef = C4CA53F222A800E10015DF51 /* HomeView.swift */; };
		F079BF818D63D1DDCFB5061F /* Pods_XiYouRecord.framework in Frameworks */ = {isa = PBXBuildFile; fileRef = 110275AA91BC94C9C2CFEC5F /* Pods_XiYouRecord.framework */; };
/* End PBXBuildFile section */

/* Begin PBXContainerItemProxy section */
		C4CA53B722A755B20015DF51 /* PBXContainerItemProxy */ = {
			isa = PBXContainerItemProxy;
			containerPortal = C4CA539A22A755AF0015DF51 /* Project object */;
			proxyType = 1;
			remoteGlobalIDString = C4CA53A122A755AF0015DF51;
			remoteInfo = XiYouRecord;
		};
		C4CA53C222A755B20015DF51 /* PBXContainerItemProxy */ = {
			isa = PBXContainerItemProxy;
			containerPortal = C4CA539A22A755AF0015DF51 /* Project object */;
			proxyType = 1;
			remoteGlobalIDString = C4CA53A122A755AF0015DF51;
			remoteInfo = XiYouRecord;
		};
/* End PBXContainerItemProxy section */

/* Begin PBXFileReference section */
		01E9862F5CDBE096A3018073 /* Pods_XiYouRecordTests.framework */ = {isa = PBXFileReference; explicitFileType = wrapper.framework; includeInIndex = 0; path = Pods_XiYouRecordTests.framework; sourceTree = BUILT_PRODUCTS_DIR; };
		110275AA91BC94C9C2CFEC5F /* Pods_XiYouRecord.framework */ = {isa = PBXFileReference; explicitFileType = wrapper.framework; includeInIndex = 0; path = Pods_XiYouRecord.framework; sourceTree = BUILT_PRODUCTS_DIR; };
		517D132E5174BC7BEB6373DD /* Pods-XiYouRecordTests.release.xcconfig */ = {isa = PBXFileReference; includeInIndex = 1; lastKnownFileType = text.xcconfig; name = "Pods-XiYouRecordTests.release.xcconfig"; path = "Target Support Files/Pods-XiYouRecordTests/Pods-XiYouRecordTests.release.xcconfig"; sourceTree = "<group>"; };
		601492E93D7FFCCEC8428587 /* Pods-XiYouRecord.release.xcconfig */ = {isa = PBXFileReference; includeInIndex = 1; lastKnownFileType = text.xcconfig; name = "Pods-XiYouRecord.release.xcconfig"; path = "Target Support Files/Pods-XiYouRecord/Pods-XiYouRecord.release.xcconfig"; sourceTree = "<group>"; };
		653514A52877F94955336632 /* Pods_XiYouRecord_XiYouRecordUITests.framework */ = {isa = PBXFileReference; explicitFileType = wrapper.framework; includeInIndex = 0; path = Pods_XiYouRecord_XiYouRecordUITests.framework; sourceTree = BUILT_PRODUCTS_DIR; };
		675644DC1E66F620596A18EA /* Pods-XiYouRecordTests.debug.xcconfig */ = {isa = PBXFileReference; includeInIndex = 1; lastKnownFileType = text.xcconfig; name = "Pods-XiYouRecordTests.debug.xcconfig"; path = "Target Support Files/Pods-XiYouRecordTests/Pods-XiYouRecordTests.debug.xcconfig"; sourceTree = "<group>"; };
		762E7BD1CF77B307E1BB9FD6 /* Pods-XiYouRecord-XiYouRecordUITests.debug.xcconfig */ = {isa = PBXFileReference; includeInIndex = 1; lastKnownFileType = text.xcconfig; name = "Pods-XiYouRecord-XiYouRecordUITests.debug.xcconfig"; path = "Target Support Files/Pods-XiYouRecord-XiYouRecordUITests/Pods-XiYouRecord-XiYouRecordUITests.debug.xcconfig"; sourceTree = "<group>"; };
		7A682D984846B1B5C7589EAB /* Pods-XiYouRecord.debug.xcconfig */ = {isa = PBXFileReference; includeInIndex = 1; lastKnownFileType = text.xcconfig; name = "Pods-XiYouRecord.debug.xcconfig"; path = "Target Support Files/Pods-XiYouRecord/Pods-XiYouRecord.debug.xcconfig"; sourceTree = "<group>"; };
		9403E036D480BB5B5C448034 /* Pods-XiYouRecord-XiYouRecordUITests.release.xcconfig */ = {isa = PBXFileReference; includeInIndex = 1; lastKnownFileType = text.xcconfig; name = "Pods-XiYouRecord-XiYouRecordUITests.release.xcconfig"; path = "Target Support Files/Pods-XiYouRecord-XiYouRecordUITests/Pods-XiYouRecord-XiYouRecordUITests.release.xcconfig"; sourceTree = "<group>"; };
		C4CA53A222A755AF0015DF51 /* XiYouRecord.app */ = {isa = PBXFileReference; explicitFileType = wrapper.application; includeInIndex = 0; path = XiYouRecord.app; sourceTree = BUILT_PRODUCTS_DIR; };
		C4CA53A522A755AF0015DF51 /* AppDelegate.swift */ = {isa = PBXFileReference; lastKnownFileType = sourcecode.swift; path = AppDelegate.swift; sourceTree = "<group>"; };
		C4CA53A722A755AF0015DF51 /* ViewController.swift */ = {isa = PBXFileReference; lastKnownFileType = sourcecode.swift; path = ViewController.swift; sourceTree = "<group>"; };
		C4CA53AA22A755AF0015DF51 /* Base */ = {isa = PBXFileReference; lastKnownFileType = file.storyboard; name = Base; path = Base.lproj/Main.storyboard; sourceTree = "<group>"; };
		C4CA53AC22A755B20015DF51 /* Assets.xcassets */ = {isa = PBXFileReference; lastKnownFileType = folder.assetcatalog; path = Assets.xcassets; sourceTree = "<group>"; };
		C4CA53AF22A755B20015DF51 /* Base */ = {isa = PBXFileReference; lastKnownFileType = file.storyboard; name = Base; path = Base.lproj/LaunchScreen.storyboard; sourceTree = "<group>"; };
		C4CA53B122A755B20015DF51 /* Info.plist */ = {isa = PBXFileReference; lastKnownFileType = text.plist.xml; path = Info.plist; sourceTree = "<group>"; };
		C4CA53B622A755B20015DF51 /* XiYouRecordTests.xctest */ = {isa = PBXFileReference; explicitFileType = wrapper.cfbundle; includeInIndex = 0; path = XiYouRecordTests.xctest; sourceTree = BUILT_PRODUCTS_DIR; };
		C4CA53BA22A755B20015DF51 /* XiYouRecordTests.swift */ = {isa = PBXFileReference; lastKnownFileType = sourcecode.swift; path = XiYouRecordTests.swift; sourceTree = "<group>"; };
		C4CA53BC22A755B20015DF51 /* Info.plist */ = {isa = PBXFileReference; lastKnownFileType = text.plist.xml; path = Info.plist; sourceTree = "<group>"; };
		C4CA53C122A755B20015DF51 /* XiYouRecordUITests.xctest */ = {isa = PBXFileReference; explicitFileType = wrapper.cfbundle; includeInIndex = 0; path = XiYouRecordUITests.xctest; sourceTree = BUILT_PRODUCTS_DIR; };
		C4CA53C522A755B20015DF51 /* XiYouRecordUITests.swift */ = {isa = PBXFileReference; lastKnownFileType = sourcecode.swift; path = XiYouRecordUITests.swift; sourceTree = "<group>"; };
		C4CA53C722A755B20015DF51 /* Info.plist */ = {isa = PBXFileReference; lastKnownFileType = text.plist.xml; path = Info.plist; sourceTree = "<group>"; };
		C4CA53D322A76A340015DF51 /* LoginView.swift */ = {isa = PBXFileReference; lastKnownFileType = sourcecode.swift; path = LoginView.swift; sourceTree = "<group>"; };
		C4CA53D522A76D790015DF51 /* MineViewController.swift */ = {isa = PBXFileReference; lastKnownFileType = sourcecode.swift; path = MineViewController.swift; sourceTree = "<group>"; };
		C4CA53D922A76E030015DF51 /* HomeViewController.swift */ = {isa = PBXFileReference; lastKnownFileType = sourcecode.swift; path = HomeViewController.swift; sourceTree = "<group>"; };
		C4CA53E622A7C69D0015DF51 /* File.swift */ = {isa = PBXFileReference; lastKnownFileType = sourcecode.swift; path = File.swift; sourceTree = "<group>"; };
		C4CA53E822A7C8800015DF51 /* XiYouRecord-Bridging-Header.h */ = {isa = PBXFileReference; lastKnownFileType = sourcecode.c.h; path = "XiYouRecord-Bridging-Header.h"; sourceTree = "<group>"; };
		C4CA53EB22A7C9630015DF51 /* UIColor+Hex.h */ = {isa = PBXFileReference; lastKnownFileType = sourcecode.c.h; path = "UIColor+Hex.h"; sourceTree = "<group>"; };
		C4CA53EC22A7C9630015DF51 /* UIColor+Hex.m */ = {isa = PBXFileReference; lastKnownFileType = sourcecode.c.objc; path = "UIColor+Hex.m"; sourceTree = "<group>"; };
		C4CA53EF22A7D8F50015DF51 /* HomeTopView.swift */ = {isa = PBXFileReference; lastKnownFileType = sourcecode.swift; path = HomeTopView.swift; sourceTree = "<group>"; };
		C4CA53F122A7E76F0015DF51 /* XiYouRecord.pch */ = {isa = PBXFileReference; lastKnownFileType = sourcecode.c.h; path = XiYouRecord.pch; sourceTree = "<group>"; };
		C4CA53F222A800E10015DF51 /* HomeView.swift */ = {isa = PBXFileReference; lastKnownFileType = sourcecode.swift; path = HomeView.swift; sourceTree = "<group>"; };
/* End PBXFileReference section */

/* Begin PBXFrameworksBuildPhase section */
		C4CA539F22A755AF0015DF51 /* Frameworks */ = {
			isa = PBXFrameworksBuildPhase;
			buildActionMask = 2147483647;
			files = (
				F079BF818D63D1DDCFB5061F /* Pods_XiYouRecord.framework in Frameworks */,
			);
			runOnlyForDeploymentPostprocessing = 0;
		};
		C4CA53B322A755B20015DF51 /* Frameworks */ = {
			isa = PBXFrameworksBuildPhase;
			buildActionMask = 2147483647;
			files = (
				1579EE63F7B8C1E89D6F16BE /* Pods_XiYouRecordTests.framework in Frameworks */,
			);
			runOnlyForDeploymentPostprocessing = 0;
		};
		C4CA53BE22A755B20015DF51 /* Frameworks */ = {
			isa = PBXFrameworksBuildPhase;
			buildActionMask = 2147483647;
			files = (
				01D740AC4F163E08275891B7 /* Pods_XiYouRecord_XiYouRecordUITests.framework in Frameworks */,
			);
			runOnlyForDeploymentPostprocessing = 0;
		};
/* End PBXFrameworksBuildPhase section */

/* Begin PBXGroup section */
		9156D5C33851F298CEF84FEC /* Frameworks */ = {
			isa = PBXGroup;
			children = (
				110275AA91BC94C9C2CFEC5F /* Pods_XiYouRecord.framework */,
				653514A52877F94955336632 /* Pods_XiYouRecord_XiYouRecordUITests.framework */,
				01E9862F5CDBE096A3018073 /* Pods_XiYouRecordTests.framework */,
			);
			name = Frameworks;
			sourceTree = "<group>";
		};
		94E931ABCE0084C1081438C2 /* Pods */ = {
			isa = PBXGroup;
			children = (
				7A682D984846B1B5C7589EAB /* Pods-XiYouRecord.debug.xcconfig */,
				601492E93D7FFCCEC8428587 /* Pods-XiYouRecord.release.xcconfig */,
				762E7BD1CF77B307E1BB9FD6 /* Pods-XiYouRecord-XiYouRecordUITests.debug.xcconfig */,
				9403E036D480BB5B5C448034 /* Pods-XiYouRecord-XiYouRecordUITests.release.xcconfig */,
				675644DC1E66F620596A18EA /* Pods-XiYouRecordTests.debug.xcconfig */,
				517D132E5174BC7BEB6373DD /* Pods-XiYouRecordTests.release.xcconfig */,
			);
			path = Pods;
			sourceTree = "<group>";
		};
		C4CA539922A755AF0015DF51 = {
			isa = PBXGroup;
			children = (
				C4CA53A422A755AF0015DF51 /* XiYouRecord */,
				C4CA53B922A755B20015DF51 /* XiYouRecordTests */,
				C4CA53C422A755B20015DF51 /* XiYouRecordUITests */,
				C4CA53A322A755AF0015DF51 /* Products */,
				C4CA53E822A7C8800015DF51 /* XiYouRecord-Bridging-Header.h */,
				C4CA53F122A7E76F0015DF51 /* XiYouRecord.pch */,
				94E931ABCE0084C1081438C2 /* Pods */,
				9156D5C33851F298CEF84FEC /* Frameworks */,
			);
			sourceTree = "<group>";
		};
		C4CA53A322A755AF0015DF51 /* Products */ = {
			isa = PBXGroup;
			children = (
				C4CA53A222A755AF0015DF51 /* XiYouRecord.app */,
				C4CA53B622A755B20015DF51 /* XiYouRecordTests.xctest */,
				C4CA53C122A755B20015DF51 /* XiYouRecordUITests.xctest */,
			);
			name = Products;
			sourceTree = "<group>";
		};
		C4CA53A422A755AF0015DF51 /* XiYouRecord */ = {
			isa = PBXGroup;
			children = (
				C4CA53A522A755AF0015DF51 /* AppDelegate.swift */,
				C4CA53A722A755AF0015DF51 /* ViewController.swift */,
				C4CA53EE22A7CDC90015DF51 /* Login */,
				C4CA53D822A76DA00015DF51 /* home */,
				C4CA53D722A76D870015DF51 /* mine */,
				C4CA53A922A755AF0015DF51 /* Main.storyboard */,
				C4CA53AC22A755B20015DF51 /* Assets.xcassets */,
				C4CA53AE22A755B20015DF51 /* LaunchScreen.storyboard */,
				C4CA53B122A755B20015DF51 /* Info.plist */,
				C4CA53E622A7C69D0015DF51 /* File.swift */,
				C4CA53EB22A7C9630015DF51 /* UIColor+Hex.h */,
				C4CA53EC22A7C9630015DF51 /* UIColor+Hex.m */,
			);
			path = XiYouRecord;
			sourceTree = "<group>";
		};
		C4CA53B922A755B20015DF51 /* XiYouRecordTests */ = {
			isa = PBXGroup;
			children = (
				C4CA53BA22A755B20015DF51 /* XiYouRecordTests.swift */,
				C4CA53BC22A755B20015DF51 /* Info.plist */,
			);
			path = XiYouRecordTests;
			sourceTree = "<group>";
		};
		C4CA53C422A755B20015DF51 /* XiYouRecordUITests */ = {
			isa = PBXGroup;
			children = (
				C4CA53C522A755B20015DF51 /* XiYouRecordUITests.swift */,
				C4CA53C722A755B20015DF51 /* Info.plist */,
			);
			path = XiYouRecordUITests;
			sourceTree = "<group>";
		};
		C4CA53D722A76D870015DF51 /* mine */ = {
			isa = PBXGroup;
			children = (
				C4CA53D522A76D790015DF51 /* MineViewController.swift */,
			);
			path = mine;
			sourceTree = "<group>";
		};
		C4CA53D822A76DA00015DF51 /* home */ = {
			isa = PBXGroup;
			children = (
				C4CA53D922A76E030015DF51 /* HomeViewController.swift */,
				C4CA53EF22A7D8F50015DF51 /* HomeTopView.swift */,
				C4CA53F222A800E10015DF51 /* HomeView.swift */,
			);
			path = home;
			sourceTree = "<group>";
		};
		C4CA53EE22A7CDC90015DF51 /* Login */ = {
			isa = PBXGroup;
			children = (
				C4CA53D322A76A340015DF51 /* LoginView.swift */,
			);
			path = Login;
			sourceTree = "<group>";
		};
/* End PBXGroup section */

/* Begin PBXNativeTarget section */
		C4CA53A122A755AF0015DF51 /* XiYouRecord */ = {
			isa = PBXNativeTarget;
			buildConfigurationList = C4CA53CA22A755B20015DF51 /* Build configuration list for PBXNativeTarget "XiYouRecord" */;
			buildPhases = (
				6F29B9C22437552EA8412B88 /* [CP] Check Pods Manifest.lock */,
				C4CA539E22A755AF0015DF51 /* Sources */,
				C4CA539F22A755AF0015DF51 /* Frameworks */,
				C4CA53A022A755AF0015DF51 /* Resources */,
				B533C766EE514D9D2AC436FF /* [CP] Embed Pods Frameworks */,
			);
			buildRules = (
			);
			dependencies = (
			);
			name = XiYouRecord;
			productName = XiYouRecord;
			productReference = C4CA53A222A755AF0015DF51 /* XiYouRecord.app */;
			productType = "com.apple.product-type.application";
		};
		C4CA53B522A755B20015DF51 /* XiYouRecordTests */ = {
			isa = PBXNativeTarget;
			buildConfigurationList = C4CA53CD22A755B20015DF51 /* Build configuration list for PBXNativeTarget "XiYouRecordTests" */;
			buildPhases = (
				EA82FC26DAC44EA2CA8D66B3 /* [CP] Check Pods Manifest.lock */,
				C4CA53B222A755B20015DF51 /* Sources */,
				C4CA53B322A755B20015DF51 /* Frameworks */,
				C4CA53B422A755B20015DF51 /* Resources */,
			);
			buildRules = (
			);
			dependencies = (
				C4CA53B822A755B20015DF51 /* PBXTargetDependency */,
			);
			name = XiYouRecordTests;
			productName = XiYouRecordTests;
			productReference = C4CA53B622A755B20015DF51 /* XiYouRecordTests.xctest */;
			productType = "com.apple.product-type.bundle.unit-test";
		};
		C4CA53C022A755B20015DF51 /* XiYouRecordUITests */ = {
			isa = PBXNativeTarget;
			buildConfigurationList = C4CA53D022A755B20015DF51 /* Build configuration list for PBXNativeTarget "XiYouRecordUITests" */;
			buildPhases = (
				5DE0F9FE92A8090E81FFF01D /* [CP] Check Pods Manifest.lock */,
				C4CA53BD22A755B20015DF51 /* Sources */,
				C4CA53BE22A755B20015DF51 /* Frameworks */,
				C4CA53BF22A755B20015DF51 /* Resources */,
				AB141CA2F2AD19853EB5C567 /* [CP] Embed Pods Frameworks */,
			);
			buildRules = (
			);
			dependencies = (
				C4CA53C322A755B20015DF51 /* PBXTargetDependency */,
			);
			name = XiYouRecordUITests;
			productName = XiYouRecordUITests;
			productReference = C4CA53C122A755B20015DF51 /* XiYouRecordUITests.xctest */;
			productType = "com.apple.product-type.bundle.ui-testing";
		};
/* End PBXNativeTarget section */

/* Begin PBXProject section */
		C4CA539A22A755AF0015DF51 /* Project object */ = {
			isa = PBXProject;
			attributes = {
				LastSwiftUpdateCheck = 1010;
				LastUpgradeCheck = 1010;
				ORGANIZATIONNAME = "李飞艳";
				TargetAttributes = {
					C4CA53A122A755AF0015DF51 = {
						CreatedOnToolsVersion = 10.1;
						LastSwiftMigration = 1010;
					};
					C4CA53B522A755B20015DF51 = {
						CreatedOnToolsVersion = 10.1;
						TestTargetID = C4CA53A122A755AF0015DF51;
					};
					C4CA53C022A755B20015DF51 = {
						CreatedOnToolsVersion = 10.1;
						TestTargetID = C4CA53A122A755AF0015DF51;
					};
				};
			};
			buildConfigurationList = C4CA539D22A755AF0015DF51 /* Build configuration list for PBXProject "XiYouRecord" */;
			compatibilityVersion = "Xcode 9.3";
			developmentRegion = en;
			hasScannedForEncodings = 0;
			knownRegions = (
				en,
				Base,
			);
			mainGroup = C4CA539922A755AF0015DF51;
			productRefGroup = C4CA53A322A755AF0015DF51 /* Products */;
			projectDirPath = "";
			projectRoot = "";
			targets = (
				C4CA53A122A755AF0015DF51 /* XiYouRecord */,
				C4CA53B522A755B20015DF51 /* XiYouRecordTests */,
				C4CA53C022A755B20015DF51 /* XiYouRecordUITests */,
			);
		};
/* End PBXProject section */

/* Begin PBXResourcesBuildPhase section */
		C4CA53A022A755AF0015DF51 /* Resources */ = {
			isa = PBXResourcesBuildPhase;
			buildActionMask = 2147483647;
			files = (
				C4CA53B022A755B20015DF51 /* LaunchScreen.storyboard in Resources */,
				C4CA53AD22A755B20015DF51 /* Assets.xcassets in Resources */,
				C4CA53AB22A755AF0015DF51 /* Main.storyboard in Resources */,
			);
			runOnlyForDeploymentPostprocessing = 0;
		};
		C4CA53B422A755B20015DF51 /* Resources */ = {
			isa = PBXResourcesBuildPhase;
			buildActionMask = 2147483647;
			files = (
			);
			runOnlyForDeploymentPostprocessing = 0;
		};
		C4CA53BF22A755B20015DF51 /* Resources */ = {
			isa = PBXResourcesBuildPhase;
			buildActionMask = 2147483647;
			files = (
			);
			runOnlyForDeploymentPostprocessing = 0;
		};
/* End PBXResourcesBuildPhase section */

/* Begin PBXShellScriptBuildPhase section */
		5DE0F9FE92A8090E81FFF01D /* [CP] Check Pods Manifest.lock */ = {
			isa = PBXShellScriptBuildPhase;
			buildActionMask = 2147483647;
			files = (
			);
			inputFileListPaths = (
			);
			inputPaths = (
				"${PODS_PODFILE_DIR_PATH}/Podfile.lock",
				"${PODS_ROOT}/Manifest.lock",
			);
			name = "[CP] Check Pods Manifest.lock";
			outputFileListPaths = (
			);
			outputPaths = (
				"$(DERIVED_FILE_DIR)/Pods-XiYouRecord-XiYouRecordUITests-checkManifestLockResult.txt",
			);
			runOnlyForDeploymentPostprocessing = 0;
			shellPath = /bin/sh;
			shellScript = "diff \"${PODS_PODFILE_DIR_PATH}/Podfile.lock\" \"${PODS_ROOT}/Manifest.lock\" > /dev/null\nif [ $? != 0 ] ; then\n    # print error to STDERR\n    echo \"error: The sandbox is not in sync with the Podfile.lock. Run 'pod install' or update your CocoaPods installation.\" >&2\n    exit 1\nfi\n# This output is used by Xcode 'outputs' to avoid re-running this script phase.\necho \"SUCCESS\" > \"${SCRIPT_OUTPUT_FILE_0}\"\n";
			showEnvVarsInLog = 0;
		};
		6F29B9C22437552EA8412B88 /* [CP] Check Pods Manifest.lock */ = {
			isa = PBXShellScriptBuildPhase;
			buildActionMask = 2147483647;
			files = (
			);
			inputFileListPaths = (
			);
			inputPaths = (
				"${PODS_PODFILE_DIR_PATH}/Podfile.lock",
				"${PODS_ROOT}/Manifest.lock",
			);
			name = "[CP] Check Pods Manifest.lock";
			outputFileListPaths = (
			);
			outputPaths = (
				"$(DERIVED_FILE_DIR)/Pods-XiYouRecord-checkManifestLockResult.txt",
			);
			runOnlyForDeploymentPostprocessing = 0;
			shellPath = /bin/sh;
			shellScript = "diff \"${PODS_PODFILE_DIR_PATH}/Podfile.lock\" \"${PODS_ROOT}/Manifest.lock\" > /dev/null\nif [ $? != 0 ] ; then\n    # print error to STDERR\n    echo \"error: The sandbox is not in sync with the Podfile.lock. Run 'pod install' or update your CocoaPods installation.\" >&2\n    exit 1\nfi\n# This output is used by Xcode 'outputs' to avoid re-running this script phase.\necho \"SUCCESS\" > \"${SCRIPT_OUTPUT_FILE_0}\"\n";
			showEnvVarsInLog = 0;
		};
		AB141CA2F2AD19853EB5C567 /* [CP] Embed Pods Frameworks */ = {
			isa = PBXShellScriptBuildPhase;
			buildActionMask = 2147483647;
			files = (
			);
			inputFileListPaths = (
				"${PODS_ROOT}/Target Support Files/Pods-XiYouRecord-XiYouRecordUITests/Pods-XiYouRecord-XiYouRecordUITests-frameworks-${CONFIGURATION}-input-files.xcfilelist",
			);
			name = "[CP] Embed Pods Frameworks";
			outputFileListPaths = (
				"${PODS_ROOT}/Target Support Files/Pods-XiYouRecord-XiYouRecordUITests/Pods-XiYouRecord-XiYouRecordUITests-frameworks-${CONFIGURATION}-output-files.xcfilelist",
			);
			runOnlyForDeploymentPostprocessing = 0;
			shellPath = /bin/sh;
			shellScript = "\"${PODS_ROOT}/Target Support Files/Pods-XiYouRecord-XiYouRecordUITests/Pods-XiYouRecord-XiYouRecordUITests-frameworks.sh\"\n";
			showEnvVarsInLog = 0;
		};
		B533C766EE514D9D2AC436FF /* [CP] Embed Pods Frameworks */ = {
			isa = PBXShellScriptBuildPhase;
			buildActionMask = 2147483647;
			files = (
			);
			inputFileListPaths = (
				"${PODS_ROOT}/Target Support Files/Pods-XiYouRecord/Pods-XiYouRecord-frameworks-${CONFIGURATION}-input-files.xcfilelist",
			);
			name = "[CP] Embed Pods Frameworks";
			outputFileListPaths = (
				"${PODS_ROOT}/Target Support Files/Pods-XiYouRecord/Pods-XiYouRecord-frameworks-${CONFIGURATION}-output-files.xcfilelist",
			);
			runOnlyForDeploymentPostprocessing = 0;
			shellPath = /bin/sh;
			shellScript = "\"${PODS_ROOT}/Target Support Files/Pods-XiYouRecord/Pods-XiYouRecord-frameworks.sh\"\n";
			showEnvVarsInLog = 0;
		};
		EA82FC26DAC44EA2CA8D66B3 /* [CP] Check Pods Manifest.lock */ = {
			isa = PBXShellScriptBuildPhase;
			buildActionMask = 2147483647;
			files = (
			);
			inputFileListPaths = (
			);
			inputPaths = (
				"${PODS_PODFILE_DIR_PATH}/Podfile.lock",
				"${PODS_ROOT}/Manifest.lock",
			);
			name = "[CP] Check Pods Manifest.lock";
			outputFileListPaths = (
			);
			outputPaths = (
				"$(DERIVED_FILE_DIR)/Pods-XiYouRecordTests-checkManifestLockResult.txt",
			);
			runOnlyForDeploymentPostprocessing = 0;
			shellPath = /bin/sh;
			shellScript = "diff \"${PODS_PODFILE_DIR_PATH}/Podfile.lock\" \"${PODS_ROOT}/Manifest.lock\" > /dev/null\nif [ $? != 0 ] ; then\n    # print error to STDERR\n    echo \"error: The sandbox is not in sync with the Podfile.lock. Run 'pod install' or update your CocoaPods installation.\" >&2\n    exit 1\nfi\n# This output is used by Xcode 'outputs' to avoid re-running this script phase.\necho \"SUCCESS\" > \"${SCRIPT_OUTPUT_FILE_0}\"\n";
			showEnvVarsInLog = 0;
		};
/* End PBXShellScriptBuildPhase section */

/* Begin PBXSourcesBuildPhase section */
		C4CA539E22A755AF0015DF51 /* Sources */ = {
			isa = PBXSourcesBuildPhase;
			buildActionMask = 2147483647;
			files = (
				C4CA53F322A800E10015DF51 /* HomeView.swift in Sources */,
				C4CA53A822A755AF0015DF51 /* ViewController.swift in Sources */,
				C4CA53F022A7D8F50015DF51 /* HomeTopView.swift in Sources */,
				C4CA53E722A7C69D0015DF51 /* File.swift in Sources */,
				C4CA53D622A76D790015DF51 /* MineViewController.swift in Sources */,
				C4CA53D422A76A340015DF51 /* LoginView.swift in Sources */,
				C4CA53ED22A7C9630015DF51 /* UIColor+Hex.m in Sources */,
				C4CA53DA22A76E030015DF51 /* HomeViewController.swift in Sources */,
				C4CA53A622A755AF0015DF51 /* AppDelegate.swift in Sources */,
			);
			runOnlyForDeploymentPostprocessing = 0;
		};
		C4CA53B222A755B20015DF51 /* Sources */ = {
			isa = PBXSourcesBuildPhase;
			buildActionMask = 2147483647;
			files = (
				C4CA53BB22A755B20015DF51 /* XiYouRecordTests.swift in Sources */,
			);
			runOnlyForDeploymentPostprocessing = 0;
		};
		C4CA53BD22A755B20015DF51 /* Sources */ = {
			isa = PBXSourcesBuildPhase;
			buildActionMask = 2147483647;
			files = (
				C4CA53C622A755B20015DF51 /* XiYouRecordUITests.swift in Sources */,
			);
			runOnlyForDeploymentPostprocessing = 0;
		};
/* End PBXSourcesBuildPhase section */

/* Begin PBXTargetDependency section */
		C4CA53B822A755B20015DF51 /* PBXTargetDependency */ = {
			isa = PBXTargetDependency;
			target = C4CA53A122A755AF0015DF51 /* XiYouRecord */;
			targetProxy = C4CA53B722A755B20015DF51 /* PBXContainerItemProxy */;
		};
		C4CA53C322A755B20015DF51 /* PBXTargetDependency */ = {
			isa = PBXTargetDependency;
			target = C4CA53A122A755AF0015DF51 /* XiYouRecord */;
			targetProxy = C4CA53C222A755B20015DF51 /* PBXContainerItemProxy */;
		};
/* End PBXTargetDependency section */

/* Begin PBXVariantGroup section */
		C4CA53A922A755AF0015DF51 /* Main.storyboard */ = {
			isa = PBXVariantGroup;
			children = (
				C4CA53AA22A755AF0015DF51 /* Base */,
			);
			name = Main.storyboard;
			sourceTree = "<group>";
		};
		C4CA53AE22A755B20015DF51 /* LaunchScreen.storyboard */ = {
			isa = PBXVariantGroup;
			children = (
				C4CA53AF22A755B20015DF51 /* Base */,
			);
			name = LaunchScreen.storyboard;
			sourceTree = "<group>";
		};
/* End PBXVariantGroup section */

/* Begin XCBuildConfiguration section */
		C4CA53C822A755B20015DF51 /* Debug */ = {
			isa = XCBuildConfiguration;
			buildSettings = {
				ALWAYS_SEARCH_USER_PATHS = NO;
				CLANG_ANALYZER_NONNULL = YES;
				CLANG_ANALYZER_NUMBER_OBJECT_CONVERSION = YES_AGGRESSIVE;
				CLANG_CXX_LANGUAGE_STANDARD = "gnu++14";
				CLANG_CXX_LIBRARY = "libc++";
				CLANG_ENABLE_MODULES = YES;
				CLANG_ENABLE_OBJC_ARC = YES;
				CLANG_ENABLE_OBJC_WEAK = YES;
				CLANG_WARN_BLOCK_CAPTURE_AUTORELEASING = YES;
				CLANG_WARN_BOOL_CONVERSION = YES;
				CLANG_WARN_COMMA = YES;
				CLANG_WARN_CONSTANT_CONVERSION = YES;
				CLANG_WARN_DEPRECATED_OBJC_IMPLEMENTATIONS = YES;
				CLANG_WARN_DIRECT_OBJC_ISA_USAGE = YES_ERROR;
				CLANG_WARN_DOCUMENTATION_COMMENTS = YES;
				CLANG_WARN_EMPTY_BODY = YES;
				CLANG_WARN_ENUM_CONVERSION = YES;
				CLANG_WARN_INFINITE_RECURSION = YES;
				CLANG_WARN_INT_CONVERSION = YES;
				CLANG_WARN_NON_LITERAL_NULL_CONVERSION = YES;
				CLANG_WARN_OBJC_IMPLICIT_RETAIN_SELF = YES;
				CLANG_WARN_OBJC_LITERAL_CONVERSION = YES;
				CLANG_WARN_OBJC_ROOT_CLASS = YES_ERROR;
				CLANG_WARN_RANGE_LOOP_ANALYSIS = YES;
				CLANG_WARN_STRICT_PROTOTYPES = YES;
				CLANG_WARN_SUSPICIOUS_MOVE = YES;
				CLANG_WARN_UNGUARDED_AVAILABILITY = YES_AGGRESSIVE;
				CLANG_WARN_UNREACHABLE_CODE = YES;
				CLANG_WARN__DUPLICATE_METHOD_MATCH = YES;
				CODE_SIGN_IDENTITY = "iPhone Developer";
				COPY_PHASE_STRIP = NO;
				DEBUG_INFORMATION_FORMAT = dwarf;
				ENABLE_STRICT_OBJC_MSGSEND = YES;
				ENABLE_TESTABILITY = YES;
				GCC_C_LANGUAGE_STANDARD = gnu11;
				GCC_DYNAMIC_NO_PIC = NO;
				GCC_NO_COMMON_BLOCKS = YES;
				GCC_OPTIMIZATION_LEVEL = 0;
				GCC_PREPROCESSOR_DEFINITIONS = (
					"DEBUG=1",
					"$(inherited)",
				);
				GCC_WARN_64_TO_32_BIT_CONVERSION = YES;
				GCC_WARN_ABOUT_RETURN_TYPE = YES_ERROR;
				GCC_WARN_UNDECLARED_SELECTOR = YES;
				GCC_WARN_UNINITIALIZED_AUTOS = YES_AGGRESSIVE;
				GCC_WARN_UNUSED_FUNCTION = YES;
				GCC_WARN_UNUSED_VARIABLE = YES;
				IPHONEOS_DEPLOYMENT_TARGET = 12.1;
				MTL_ENABLE_DEBUG_INFO = INCLUDE_SOURCE;
				MTL_FAST_MATH = YES;
				ONLY_ACTIVE_ARCH = YES;
				SDKROOT = iphoneos;
				SWIFT_ACTIVE_COMPILATION_CONDITIONS = DEBUG;
				SWIFT_OPTIMIZATION_LEVEL = "-Onone";
			};
			name = Debug;
		};
		C4CA53C922A755B20015DF51 /* Release */ = {
			isa = XCBuildConfiguration;
			buildSettings = {
				ALWAYS_SEARCH_USER_PATHS = NO;
				CLANG_ANALYZER_NONNULL = YES;
				CLANG_ANALYZER_NUMBER_OBJECT_CONVERSION = YES_AGGRESSIVE;
				CLANG_CXX_LANGUAGE_STANDARD = "gnu++14";
				CLANG_CXX_LIBRARY = "libc++";
				CLANG_ENABLE_MODULES = YES;
				CLANG_ENABLE_OBJC_ARC = YES;
				CLANG_ENABLE_OBJC_WEAK = YES;
				CLANG_WARN_BLOCK_CAPTURE_AUTORELEASING = YES;
				CLANG_WARN_BOOL_CONVERSION = YES;
				CLANG_WARN_COMMA = YES;
				CLANG_WARN_CONSTANT_CONVERSION = YES;
				CLANG_WARN_DEPRECATED_OBJC_IMPLEMENTATIONS = YES;
				CLANG_WARN_DIRECT_OBJC_ISA_USAGE = YES_ERROR;
				CLANG_WARN_DOCUMENTATION_COMMENTS = YES;
				CLANG_WARN_EMPTY_BODY = YES;
				CLANG_WARN_ENUM_CONVERSION = YES;
				CLANG_WARN_INFINITE_RECURSION = YES;
				CLANG_WARN_INT_CONVERSION = YES;
				CLANG_WARN_NON_LITERAL_NULL_CONVERSION = YES;
				CLANG_WARN_OBJC_IMPLICIT_RETAIN_SELF = YES;
				CLANG_WARN_OBJC_LITERAL_CONVERSION = YES;
				CLANG_WARN_OBJC_ROOT_CLASS = YES_ERROR;
				CLANG_WARN_RANGE_LOOP_ANALYSIS = YES;
				CLANG_WARN_STRICT_PROTOTYPES = YES;
				CLANG_WARN_SUSPICIOUS_MOVE = YES;
				CLANG_WARN_UNGUARDED_AVAILABILITY = YES_AGGRESSIVE;
				CLANG_WARN_UNREACHABLE_CODE = YES;
				CLANG_WARN__DUPLICATE_METHOD_MATCH = YES;
				CODE_SIGN_IDENTITY = "iPhone Developer";
				COPY_PHASE_STRIP = NO;
				DEBUG_INFORMATION_FORMAT = "dwarf-with-dsym";
				ENABLE_NS_ASSERTIONS = NO;
				ENABLE_STRICT_OBJC_MSGSEND = YES;
				GCC_C_LANGUAGE_STANDARD = gnu11;
				GCC_NO_COMMON_BLOCKS = YES;
				GCC_WARN_64_TO_32_BIT_CONVERSION = YES;
				GCC_WARN_ABOUT_RETURN_TYPE = YES_ERROR;
				GCC_WARN_UNDECLARED_SELECTOR = YES;
				GCC_WARN_UNINITIALIZED_AUTOS = YES_AGGRESSIVE;
				GCC_WARN_UNUSED_FUNCTION = YES;
				GCC_WARN_UNUSED_VARIABLE = YES;
				IPHONEOS_DEPLOYMENT_TARGET = 12.1;
				MTL_ENABLE_DEBUG_INFO = NO;
				MTL_FAST_MATH = YES;
				SDKROOT = iphoneos;
				SWIFT_COMPILATION_MODE = wholemodule;
				SWIFT_OPTIMIZATION_LEVEL = "-O";
				VALIDATE_PRODUCT = YES;
			};
			name = Release;
		};
		C4CA53CB22A755B20015DF51 /* Debug */ = {
			isa = XCBuildConfiguration;
			baseConfigurationReference = 7A682D984846B1B5C7589EAB /* Pods-XiYouRecord.debug.xcconfig */;
			buildSettings = {
				ASSETCATALOG_COMPILER_APPICON_NAME = AppIcon;
				CLANG_ENABLE_MODULES = YES;
				CODE_SIGN_STYLE = Automatic;
				GCC_INCREASE_PRECOMPILED_HEADER_SHARING = YES;
				GCC_PRECOMPILE_PREFIX_HEADER = YES;
				GCC_PREFIX_HEADER = "$(SRCROOT)/XiYouRecord.pch";
				INFOPLIST_FILE = XiYouRecord/Info.plist;
				LD_RUNPATH_SEARCH_PATHS = (
					"$(inherited)",
					"@executable_path/Frameworks",
				);
				PRODUCT_BUNDLE_IDENTIFIER = learn.XiYouRecord;
				PRODUCT_NAME = "$(TARGET_NAME)";
				SWIFT_OBJC_BRIDGING_HEADER = "XiYouRecord-Bridging-Header.h";
				SWIFT_OPTIMIZATION_LEVEL = "-Onone";
				SWIFT_VERSION = 4.2;
				TARGETED_DEVICE_FAMILY = "1,2";
			};
			name = Debug;
		};
		C4CA53CC22A755B20015DF51 /* Release */ = {
			isa = XCBuildConfiguration;
			baseConfigurationReference = 601492E93D7FFCCEC8428587 /* Pods-XiYouRecord.release.xcconfig */;
			buildSettings = {
				ASSETCATALOG_COMPILER_APPICON_NAME = AppIcon;
				CLANG_ENABLE_MODULES = YES;
				CODE_SIGN_STYLE = Automatic;
				GCC_INCREASE_PRECOMPILED_HEADER_SHARING = YES;
				GCC_PRECOMPILE_PREFIX_HEADER = YES;
				GCC_PREFIX_HEADER = "$(SRCROOT)/XiYouRecord.pch";
				INFOPLIST_FILE = XiYouRecord/Info.plist;
				LD_RUNPATH_SEARCH_PATHS = (
					"$(inherited)",
					"@executable_path/Frameworks",
				);
				PRODUCT_BUNDLE_IDENTIFIER = learn.XiYouRecord;
				PRODUCT_NAME = "$(TARGET_NAME)";
				SWIFT_OBJC_BRIDGING_HEADER = "XiYouRecord-Bridging-Header.h";
				SWIFT_VERSION = 4.2;
				TARGETED_DEVICE_FAMILY = "1,2";
			};
			name = Release;
		};
		C4CA53CE22A755B20015DF51 /* Debug */ = {
			isa = XCBuildConfiguration;
			baseConfigurationReference = 675644DC1E66F620596A18EA /* Pods-XiYouRecordTests.debug.xcconfig */;
			buildSettings = {
				ALWAYS_EMBED_SWIFT_STANDARD_LIBRARIES = YES;
				BUNDLE_LOADER = "$(TEST_HOST)";
				CODE_SIGN_STYLE = Automatic;
				INFOPLIST_FILE = XiYouRecordTests/Info.plist;
				LD_RUNPATH_SEARCH_PATHS = (
					"$(inherited)",
					"@executable_path/Frameworks",
					"@loader_path/Frameworks",
				);
				PRODUCT_BUNDLE_IDENTIFIER = learn.XiYouRecordTests;
				PRODUCT_NAME = "$(TARGET_NAME)";
				SWIFT_VERSION = 4.2;
				TARGETED_DEVICE_FAMILY = "1,2";
				TEST_HOST = "$(BUILT_PRODUCTS_DIR)/XiYouRecord.app/XiYouRecord";
			};
			name = Debug;
		};
		C4CA53CF22A755B20015DF51 /* Release */ = {
			isa = XCBuildConfiguration;
			baseConfigurationReference = 517D132E5174BC7BEB6373DD /* Pods-XiYouRecordTests.release.xcconfig */;
			buildSettings = {
				ALWAYS_EMBED_SWIFT_STANDARD_LIBRARIES = YES;
				BUNDLE_LOADER = "$(TEST_HOST)";
				CODE_SIGN_STYLE = Automatic;
				INFOPLIST_FILE = XiYouRecordTests/Info.plist;
				LD_RUNPATH_SEARCH_PATHS = (
					"$(inherited)",
					"@executable_path/Frameworks",
					"@loader_path/Frameworks",
				);
				PRODUCT_BUNDLE_IDENTIFIER = learn.XiYouRecordTests;
				PRODUCT_NAME = "$(TARGET_NAME)";
				SWIFT_VERSION = 4.2;
				TARGETED_DEVICE_FAMILY = "1,2";
				TEST_HOST = "$(BUILT_PRODUCTS_DIR)/XiYouRecord.app/XiYouRecord";
			};
			name = Release;
		};
		C4CA53D122A755B20015DF51 /* Debug */ = {
			isa = XCBuildConfiguration;
			baseConfigurationReference = 762E7BD1CF77B307E1BB9FD6 /* Pods-XiYouRecord-XiYouRecordUITests.debug.xcconfig */;
			buildSettings = {
				ALWAYS_EMBED_SWIFT_STANDARD_LIBRARIES = YES;
				CODE_SIGN_STYLE = Automatic;
				INFOPLIST_FILE = XiYouRecordUITests/Info.plist;
				LD_RUNPATH_SEARCH_PATHS = (
					"$(inherited)",
					"@executable_path/Frameworks",
					"@loader_path/Frameworks",
				);
				PRODUCT_BUNDLE_IDENTIFIER = learn.XiYouRecordUITests;
				PRODUCT_NAME = "$(TARGET_NAME)";
				SWIFT_VERSION = 4.2;
				TARGETED_DEVICE_FAMILY = "1,2";
				TEST_TARGET_NAME = XiYouRecord;
			};
			name = Debug;
		};
		C4CA53D222A755B20015DF51 /* Release */ = {
			isa = XCBuildConfiguration;
			baseConfigurationReference = 9403E036D480BB5B5C448034 /* Pods-XiYouRecord-XiYouRecordUITests.release.xcconfig */;
			buildSettings = {
				ALWAYS_EMBED_SWIFT_STANDARD_LIBRARIES = YES;
				CODE_SIGN_STYLE = Automatic;
				INFOPLIST_FILE = XiYouRecordUITests/Info.plist;
				LD_RUNPATH_SEARCH_PATHS = (
					"$(inherited)",
					"@executable_path/Frameworks",
					"@loader_path/Frameworks",
				);
				PRODUCT_BUNDLE_IDENTIFIER = learn.XiYouRecordUITests;
				PRODUCT_NAME = "$(TARGET_NAME)";
				SWIFT_VERSION = 4.2;
				TARGETED_DEVICE_FAMILY = "1,2";
				TEST_TARGET_NAME = XiYouRecord;
			};
			name = Release;
		};
/* End XCBuildConfiguration section */

/* Begin XCConfigurationList section */
		C4CA539D22A755AF0015DF51 /* Build configuration list for PBXProject "XiYouRecord" */ = {
			isa = XCConfigurationList;
			buildConfigurations = (
				C4CA53C822A755B20015DF51 /* Debug */,
				C4CA53C922A755B20015DF51 /* Release */,
			);
			defaultConfigurationIsVisible = 0;
			defaultConfigurationName = Release;
		};
		C4CA53CA22A755B20015DF51 /* Build configuration list for PBXNativeTarget "XiYouRecord" */ = {
			isa = XCConfigurationList;
			buildConfigurations = (
				C4CA53CB22A755B20015DF51 /* Debug */,
				C4CA53CC22A755B20015DF51 /* Release */,
			);
			defaultConfigurationIsVisible = 0;
			defaultConfigurationName = Release;
		};
		C4CA53CD22A755B20015DF51 /* Build configuration list for PBXNativeTarget "XiYouRecordTests" */ = {
			isa = XCConfigurationList;
			buildConfigurations = (
				C4CA53CE22A755B20015DF51 /* Debug */,
				C4CA53CF22A755B20015DF51 /* Release */,
			);
			defaultConfigurationIsVisible = 0;
			defaultConfigurationName = Release;
		};
		C4CA53D022A755B20015DF51 /* Build configuration list for PBXNativeTarget "XiYouRecordUITests" */ = {
			isa = XCConfigurationList;
			buildConfigurations = (
				C4CA53D122A755B20015DF51 /* Debug */,
				C4CA53D222A755B20015DF51 /* Release */,
			);
			defaultConfigurationIsVisible = 0;
			defaultConfigurationName = Release;
		};
/* End XCConfigurationList section */
	};
	rootObject = C4CA539A22A755AF0015DF51 /* Project object */;
}
